
Microsoft Visual Studio Solution File, Format Version 12.00
# Visual Studio Version 17
VisualStudioVersion = 17.4.33213.308
MinimumVisualStudioVersion = 10.0.40219.1
Project("{FAE04EC0-301F-11D3-BF4B-00C04F79EFBC}") = "TMSLesson5", "TMSLesson5\TMSLesson5.csproj", "{9238FD21-1ECB-400F-B740-49BE63F44317}"
EndProject
Global
	GlobalSection(SolutionConfigurationPlatforms) = preSolution
		Debug|Any CPU = Debug|Any CPU
		Release|Any CPU = Release|Any CPU
	EndGlobalSection
	GlobalSection(ProjectConfigurationPlatforms) = postSolution
		{9238FD21-1ECB-400F-B740-49BE63F44317}.Debug|Any CPU.ActiveCfg = Debug|Any CPU
		{9238FD21-1ECB-400F-B740-49BE63F44317}.Debug|Any CPU.Build.0 = Debug|Any CPU
		{9238FD21-1ECB-400F-B740-49BE63F44317}.Release|Any CPU.ActiveCfg = Release|Any CPU
		{9238FD21-1ECB-400F-B740-49BE63F44317}.Release|Any CPU.Build.0 = Release|Any CPU
	EndGlobalSection
	GlobalSection(SolutionProperties) = preSolution
		HideSolutionNode = FALSE
	EndGlobalSection
	GlobalSection(ExtensibilityGlobals) = postSolution
		SolutionGuid = {7E82014E-A2E1-4FD6-B356-9149D021E8B7}
	EndGlobalSection
EndGlobal
